github.com/SkyPenguin-Solutions/SkyLineConfigurationEngine v0.0.0-20230425195309-608c71302bb5 h1:8zw6eI896kzppKVBpKXPnge11Dqz5UmMMfWIWrx+53c=
github.com/SkyPenguin-Solutions/SkyLineConfigurationEngine v0.0.0-20230425195309-608c71302bb5/go.mod h1:FeqQ8g0IycL1VMVjI34U29pbfsNcyksXN0JSRIfeCfg=
github.com/SkyPenguin-Solutions/SkyLineConfigurationEngine v0.0.0-20230425201819-ca275f91bb7f h1:JwtBuh0MAe8ol8OXTdFwYRi3KKfBoSP6fWkQHSKwnmg=
github.com/SkyPenguin-Solutions/SkyLineConfigurationEngine v0.0.0-20230425201819-ca275f91bb7f/go.mod h1:FeqQ8g0IycL1VMVjI34U29pbfsNcyksXN0JSRIfeCfg=
